dependencies:
  app_claw:
    dependencies:
    - name: cap_boards
      path: ../../claw_capabilities/cap_boards
    - name: cap_files
      path: ../../claw_capabilities/cap_files
      rules:
      - if: $CONFIG{APP_CLAW_CAP_FILES} == True
    - name: cap_voice
      path: ../../claw_capabilities/cap_voice
      rules:
      - if: $CONFIG{APP_CLAW_CAP_VOICE} == True
    - name: cap_asr
      path: ../../claw_capabilities/cap_asr
      rules:
      - if: $CONFIG{APP_CLAW_CAP_ASR} == True
    - name: voice_ws_common
      path: ../voice_ws_common
      rules:
      - if: $CONFIG{APP_CLAW_CAP_VOICE} == True || $CONFIG{APP_CLAW_CAP_ASR} == True
    - name: cap_im_platform
      path: ../../claw_capabilities/cap_im_platform
      rules:
      - if: $CONFIG{APP_CLAW_CAP_IM_FEISHU} == True || $CONFIG{APP_CLAW_CAP_IM_QQ} == True || $CONFIG{APP_CLAW_CAP_IM_TG} == True || $CONFIG{APP_CLAW_CAP_IM_WECHAT} == True
    - name: cap_im_local
      path: ../../claw_capabilities/cap_im_local
      rules:
      - if: $CONFIG{APP_CLAW_CAP_IM_LOCAL} == True
    - name: cap_llm_inspect
      path: ../../claw_capabilities/cap_llm_inspect
      rules:
      - if: $CONFIG{APP_CLAW_CAP_LLM_INSPECT} == True
    - name: cap_lua
      path: ../../claw_capabilities/cap_lua
      rules:
      - if: $CONFIG{APP_CLAW_CAP_LUA} == True
    - name: cap_mcp_client
      path: ../../claw_capabilities/cap_mcp_client
      rules:
      - if: $CONFIG{APP_CLAW_CAP_MCP_CLIENT} == True
    - name: cap_mcp_server
      path: ../../claw_capabilities/cap_mcp_server
      rules:
      - if: $CONFIG{APP_CLAW_CAP_MCP_SERVER} == True
    - name: cap_router_mgr
      path: ../../claw_capabilities/cap_router_mgr
      rules:
      - if: $CONFIG{APP_CLAW_CAP_ROUTER_MGR} == True
    - name: cap_scheduler
      path: ../../claw_capabilities/cap_scheduler
      rules:
      - if: $CONFIG{APP_CLAW_CAP_SCHEDULER} == True
    - name: cap_session_mgr
      path: ../../claw_capabilities/cap_session_mgr
      rules:
      - if: $CONFIG{APP_CLAW_CAP_SESSION_MGR} == True
    - name: cap_skill_mgr
      path: ../../claw_capabilities/cap_skill_mgr
      rules:
      - if: $CONFIG{APP_CLAW_CAP_SKILL_MGR} == True
    - name: cap_servo
      path: ../../claw_capabilities/cap_servo
      rules:
      - if: $CONFIG{APP_CLAW_CAP_SERVO} == True
    - name: cap_system
      path: ../../claw_capabilities/cap_system
      rules:
      - if: $CONFIG{APP_CLAW_CAP_SYSTEM} == True
    - name: cap_time
      path: ../../claw_capabilities/cap_time
      rules:
      - if: $CONFIG{APP_CLAW_CAP_TIME} == True
    - name: cap_web_search
      path: ../../claw_capabilities/cap_web_search
      rules:
      - if: $CONFIG{APP_CLAW_CAP_WEB_SEARCH} == True
    - name: claw_cap
      path: ../../claw_modules/claw_cap
    - name: claw_core
      path: ../../claw_modules/claw_core
    - name: claw_event_router
      path: ../../claw_modules/claw_event_router
    - name: claw_memory
      path: ../../claw_modules/claw_memory
    - name: claw_skill
      path: ../../claw_modules/claw_skill
    - name: skill_builder
      path: ../../common/skill_builder
    - name: lua_module_builder
      path: ../../common/lua_module_builder
    - name: video_player
      path: ../../../application/edge_agent/components/video_player
      rules:
      - if: $CONFIG{APP_CLAW_CAP_ASR} == True
    - name: lua_driver_adc
      path: ../../lua_modules/lua_driver_adc
      rules:
      - if: $CONFIG{APP_CLAW_CAP_LUA} == True
      - if: $CONFIG{APP_CLAW_LUA_DRIVER_ADC} == True
    - name: lua_driver_gpio
      path: ../../lua_modules/lua_driver_gpio
      rules:
      - if: $CONFIG{APP_CLAW_CAP_LUA} == True
      - if: $CONFIG{APP_CLAW_LUA_DRIVER_GPIO} == True
    - name: lua_driver_i2c
      path: ../../lua_modules/lua_driver_i2c
      rules:
      - if: $CONFIG{APP_CLAW_CAP_LUA} == True
      - if: $CONFIG{APP_CLAW_LUA_DRIVER_I2C} == True
    - name: lua_driver_mcpwm
      path: ../../lua_modules/lua_driver_mcpwm
      rules:
      - if: $CONFIG{APP_CLAW_CAP_LUA} == True
      - if: $CONFIG{APP_CLAW_LUA_DRIVER_MCPWM} == True
    - name: lua_driver_touch
      path: ../../lua_modules/lua_driver_touch
      rules:
      - if: $CONFIG{APP_CLAW_CAP_LUA} == True
      - if: $CONFIG{APP_CLAW_LUA_DRIVER_TOUCH} == True
    - name: lua_driver_uart
      path: ../../lua_modules/lua_driver_uart
      rules:
      - if: $CONFIG{APP_CLAW_CAP_LUA} == True
      - if: $CONFIG{APP_CLAW_LUA_DRIVER_UART} == True
    - name: lua_module_audio
      path: ../../lua_modules/lua_module_audio
      rules:
      - if: $CONFIG{APP_CLAW_CAP_LUA} == True
      - if: $CONFIG{APP_CLAW_LUA_MODULE_AUDIO} == True
      - if: $CONFIG{ESP_BOARD_DEV_AUDIO_CODEC_SUPPORT} == True
    - name: lua_module_board_manager
      path: ../../lua_modules/lua_module_board_manager
      rules:
      - if: $CONFIG{APP_CLAW_CAP_LUA} == True
      - if: $CONFIG{APP_CLAW_LUA_MODULE_BOARD_MANAGER} == True
    - name: lua_module_button
      path: ../../lua_modules/lua_module_button
      rules:
      - if: $CONFIG{APP_CLAW_CAP_LUA} == True
      - if: $CONFIG{APP_CLAW_LUA_MODULE_BUTTON} == True
    - name: lua_module_call_capability
      path: ../../lua_modules/lua_module_call_capability
      rules:
      - if: $CONFIG{APP_CLAW_CAP_LUA} == True
      - if: $CONFIG{APP_CLAW_LUA_MODULE_CAPABILITY} == True
    - name: lua_module_camera
      path: ../../lua_modules/lua_module_camera
      rules:
      - if: $CONFIG{APP_CLAW_CAP_LUA} == True
      - if: $CONFIG{APP_CLAW_LUA_MODULE_CAMERA} == True
      - if: $CONFIG{ESP_BOARD_DEV_CAMERA_SUPPORT} == True
    - name: lua_module_delay
      path: ../../lua_modules/lua_module_delay
      rules:
      - if: $CONFIG{APP_CLAW_CAP_LUA} == True
      - if: $CONFIG{APP_CLAW_LUA_MODULE_DELAY} == True
    - name: lua_module_display
      path: ../../lua_modules/lua_module_display
      rules:
      - if: $CONFIG{APP_CLAW_CAP_LUA} == True
      - if: $CONFIG{APP_CLAW_LUA_MODULE_DISPLAY} == True
    - name: lua_module_environmental_sensor
      path: ../../lua_modules/lua_module_environmental_sensor
      rules:
      - if: $CONFIG{APP_CLAW_CAP_LUA} == True
      - if: $CONFIG{APP_CLAW_LUA_MODULE_ENVIRONMENTAL_SENSOR} == True
    - name: lua_module_esp_heap
      path: ../../lua_modules/lua_module_esp_heap
      rules:
      - if: $CONFIG{APP_CLAW_CAP_LUA} == True
      - if: $CONFIG{APP_CLAW_LUA_MODULE_ESP_HEAP} == True
    - name: lua_module_event_publisher
      path: ../../lua_modules/lua_module_event_publisher
      rules:
      - if: $CONFIG{APP_CLAW_CAP_LUA} == True
      - if: $CONFIG{APP_CLAW_LUA_MODULE_EVENT_PUBLISHER} == True
    - name: lua_module_fuel_gauge
      path: ../../lua_modules/lua_module_fuel_gauge
      rules:
      - if: $CONFIG{APP_CLAW_CAP_LUA} == True
      - if: $CONFIG{APP_CLAW_LUA_MODULE_FUEL_GAUGE} == True
    - name: lua_module_imu
      path: ../../lua_modules/lua_module_imu
      rules:
      - if: $CONFIG{APP_CLAW_CAP_LUA} == True
      - if: $CONFIG{APP_CLAW_LUA_MODULE_IMU} == True
    - name: lua_module_ir
      path: ../../lua_modules/lua_module_ir
      rules:
      - if: $CONFIG{APP_CLAW_CAP_LUA} == True
      - if: $CONFIG{APP_CLAW_LUA_MODULE_IR} == True
    - name: lua_module_knob
      path: ../../lua_modules/lua_module_knob
      rules:
      - if: $CONFIG{APP_CLAW_CAP_LUA} == True
      - if: $CONFIG{APP_CLAW_LUA_MODULE_KNOB} == True
    - name: lua_module_lcd
      path: ../../lua_modules/lua_module_lcd
      rules:
      - if: $CONFIG{APP_CLAW_CAP_LUA} == True
      - if: $CONFIG{APP_CLAW_LUA_MODULE_LCD} == True
    - name: lua_module_lcd_touch
      path: ../../lua_modules/lua_module_lcd_touch
      rules:
      - if: $CONFIG{APP_CLAW_CAP_LUA} == True
      - if: $CONFIG{APP_CLAW_LUA_MODULE_LCD_TOUCH} == True
      - if: $CONFIG{ESP_BOARD_DEV_LCD_TOUCH_SUPPORT} == True
      - if: $CONFIG{ESP_BOARD_DEV_LCD_TOUCH_SUB_I2C_SUPPORT} == True
    - name: lua_module_led_strip
      path: ../../lua_modules/lua_module_led_strip
      rules:
      - if: $CONFIG{APP_CLAW_CAP_LUA} == True
      - if: $CONFIG{APP_CLAW_LUA_MODULE_LED_STRIP} == True
    - name: lua_module_magnetometer
      path: ../../lua_modules/lua_module_magnetometer
      rules:
      - if: $CONFIG{APP_CLAW_CAP_LUA} == True
      - if: $CONFIG{APP_CLAW_LUA_MODULE_MAGNETOMETER} == True
    - name: lua_module_sci
      path: ../../lua_modules/lua_module_sci
      rules:
      - if: $CONFIG{APP_CLAW_CAP_LUA} == True
      - if: $CONFIG{APP_CLAW_LUA_MODULE_SCI} == True
    - name: lua_module_ssd1306
      path: ../../lua_modules/lua_module_ssd1306
      rules:
      - if: $CONFIG{APP_CLAW_CAP_LUA} == True
      - if: $CONFIG{APP_CLAW_LUA_MODULE_SSD1306} == True
    - name: lua_module_storage
      path: ../../lua_modules/lua_module_storage
      rules:
      - if: $CONFIG{APP_CLAW_CAP_LUA} == True
      - if: $CONFIG{APP_CLAW_LUA_MODULE_STORAGE} == True
    - name: lua_module_system
      path: ../../lua_modules/lua_module_system
      rules:
      - if: $CONFIG{APP_CLAW_CAP_LUA} == True
      - if: $CONFIG{APP_CLAW_LUA_MODULE_SYSTEM} == True
    source:
      path: /home/nini/esp-claw-master_1/esp-claw-master/components/common/app_claw
      type: local
    version: '*'
  app_config:
    dependencies: []
    source:
      path: /home/nini/esp-claw-master_1/esp-claw-master/application/edge_agent/components/app_config
      type: local
    version: '*'
  cap_asr:
    dependencies: []
    source:
      path: /home/nini/esp-claw-master_1/esp-claw-master/components/claw_capabilities/cap_asr
      type: local
    version: '*'
  cap_boards:
    dependencies: []
    source:
      path: /home/nini/esp-claw-master_1/esp-claw-master/components/claw_capabilities/cap_boards
      type: local
    version: '*'
  cap_files:
    dependencies: []
    source:
      path: /home/nini/esp-claw-master_1/esp-claw-master/components/claw_capabilities/cap_files
      type: local
    version: '*'
  cap_im_local:
    dependencies: []
    source:
      path: /home/nini/esp-claw-master_1/esp-claw-master/components/claw_capabilities/cap_im_local
      type: local
    version: '*'
  cap_im_platform:
    dependencies:
    - name: espressif/esp_websocket_client
      version: ^1.4.0
    source:
      path: /home/nini/esp-claw-master_1/esp-claw-master/components/claw_capabilities/cap_im_platform
      type: local
    version: '*'
  cap_llm_inspect:
    dependencies: []
    source:
      path: /home/nini/esp-claw-master_1/esp-claw-master/components/claw_capabilities/cap_llm_inspect
      type: local
    version: '*'
  cap_lua:
    dependencies:
    - name: georgik/lua
      version: ^5.5.0~7
    source:
      path: /home/nini/esp-claw-master_1/esp-claw-master/components/claw_capabilities/cap_lua
      type: local
    version: '*'
  cap_mcp_client:
    dependencies:
    - name: espressif/mdns
      version: ^1.10.1
    source:
      path: /home/nini/esp-claw-master_1/esp-claw-master/components/claw_capabilities/cap_mcp_client
      type: local
    version: '*'
  cap_mcp_server:
    dependencies:
    - name: espressif/mdns
      version: ^1.10.1
    - name: espressif/mcp-c-sdk
      version: ^1.0.0
    source:
      path: /home/nini/esp-claw-master_1/esp-claw-master/components/claw_capabilities/cap_mcp_server
      type: local
    version: '*'
  cap_router_mgr:
    dependencies: []
    source:
      path: /home/nini/esp-claw-master_1/esp-claw-master/components/claw_capabilities/cap_router_mgr
      type: local
    version: '*'
  cap_scheduler:
    dependencies: []
    source:
      path: /home/nini/esp-claw-master_1/esp-claw-master/components/claw_capabilities/cap_scheduler
      type: local
    version: '*'
  cap_servo:
    dependencies: []
    source:
      path: /home/nini/esp-claw-master_1/esp-claw-master/components/claw_capabilities/cap_servo
      type: local
    version: '*'
  cap_session_mgr:
    dependencies: []
    source:
      path: /home/nini/esp-claw-master_1/esp-claw-master/components/claw_capabilities/cap_session_mgr
      type: local
    version: '*'
  cap_skill_mgr:
    dependencies: []
    source:
      path: /home/nini/esp-claw-master_1/esp-claw-master/components/claw_capabilities/cap_skill_mgr
      type: local
    version: '*'
  cap_system:
    dependencies: []
    source:
      path: /home/nini/esp-claw-master_1/esp-claw-master/components/claw_capabilities/cap_system
      type: local
    version: '*'
  cap_time:
    dependencies: []
    source:
      path: /home/nini/esp-claw-master_1/esp-claw-master/components/claw_capabilities/cap_time
      type: local
    version: '*'
  cap_voice:
    dependencies: []
    source:
      path: /home/nini/esp-claw-master_1/esp-claw-master/components/claw_capabilities/cap_voice
      type: local
    version: '*'
  cap_web_search:
    dependencies: []
    source:
      path: /home/nini/esp-claw-master_1/esp-claw-master/components/claw_capabilities/cap_web_search
      type: local
    version: '*'
  captive_dns:
    dependencies: []
    source:
      path: /home/nini/esp-claw-master_1/esp-claw-master/components/common/captive_dns
      type: local
    version: '*'
  claw_cap:
    dependencies: []
    source:
      path: /home/nini/esp-claw-master_1/esp-claw-master/components/claw_modules/claw_cap
      type: local
    version: '*'
  claw_core:
    dependencies: []
    source:
      path: /home/nini/esp-claw-master_1/esp-claw-master/components/claw_modules/claw_core
      type: local
    version: '*'
  claw_event_router:
    dependencies: []
    source:
      path: /home/nini/esp-claw-master_1/esp-claw-master/components/claw_modules/claw_event_router
      type: local
    version: '*'
  claw_memory:
    dependencies: []
    source:
      path: /home/nini/esp-claw-master_1/esp-claw-master/components/claw_modules/claw_memory
      type: local
    version: '*'
  claw_skill:
    dependencies: []
    source:
      path: /home/nini/esp-claw-master_1/esp-claw-master/components/claw_modules/claw_skill
      type: local
    version: '*'
  display_arbiter:
    dependencies: []
    source:
      path: /home/nini/esp-claw-master_1/esp-claw-master/components/common/display_arbiter
      type: local
    version: '*'
  esp_extractor:
    dependencies: []
    source:
      path: /home/nini/esp-claw-master_1/esp-claw-master/application/edge_agent/components/esp_extractor
      type: local
    version: '*'
  esp_painter:
    dependencies: []
    source:
      path: /home/nini/esp-claw-master_1/esp-claw-master/components/common/esp_painter
      type: local
    version: '*'
  espressif/button:
    component_hash: d0afa32f0e50d60bc0c6fc23f7eea98adc6b02cfe70b590bc52c23c506745287
    dependencies:
    - name: espressif/cmake_utilities
      registry_url: https://components.espressif.com
      require: private
      version: '*'
    - name: idf
      require: private
      version: '>=4.0'
    source:
      registry_url: https://components.espressif.com/
      type: service
    version: 4.1.6
  espressif/cmake_utilities:
    component_hash: 351350613ceafba240b761b4ea991e0f231ac7a9f59a9ee901f751bddc0bb18f
    dependencies:
    - name: idf
      require: private
      version: '>=4.1'
    source:
      registry_url: https://components.espressif.com
      type: service
    version: 0.5.3
  espressif/eppp_link:
    component_hash: 04f7f31868b8ae6014c96132740a192d09611a6e46aaa7038c865ffc7e26b38f
    dependencies:
    - name: espressif/esp_serial_slave_link
      registry_url: https://components.espressif.com
      require: private
      version: ^1.1.0
    - name: idf
      require: private
      version: '>=5.2'
    source:
      registry_url: https://components.espressif.com
      type: service
    version: 1.1.5
  espressif/esp-dsp:
    component_hash: ed9ac175b14e0414399a2b33c525579414b5bad19a2a67b12ea212def96f9a98
    dependencies:
    - name: idf
      require: private
      version: '>=4.2'
    source:
      registry_url: https://components.espressif.com/
      type: service
    version: 1.8.2
  espressif/esp_audio_codec:
    component_hash: 16e2880dbdd5a72264051f750f33a6e5a38fd25621c83e3a32a85a152d2d2643
    dependencies:
    - name: idf
      require: private
      version: '>=4.4'
    source:
      registry_url: https://components.espressif.com/
      type: service
    version: 2.5.0
  espressif/esp_board_manager:
    component_hash: 559e8fbd848c9bb29064b280099b0befd0ec5f8bf42483b95aac95f954e9f4a1
    dependencies:
    - matches:
      - if: $CONFIG{ESP_BOARD_DEV_BUTTON_SUPPORT} == True
      name: espressif/button
      registry_url: https://components.espressif.com
      require: private
      version: ^4.1.4
    - matches:
      - if: $CONFIG{ESP_BOARD_DEV_AUDIO_CODEC_SUPPORT} == True
      name: espressif/esp_codec_dev
      registry_url: https://components.espressif.com
      require: private
      version: ~1.5
    - matches:
      - if: $CONFIG{ESP_BOARD_DEV_GPIO_EXPANDER_SUPPORT} == True
      name: espressif/esp_io_expander
      registry_url: https://components.espressif.com
      require: private
      version: ^1.0.1
    - matches:
      - if: $CONFIG{ESP_BOARD_DEV_DISPLAY_LCD_SUB_RGB_3WIRE_SPI_SUPPORT} == True
      name: espressif/esp_lcd_panel_io_additions
      registry_url: https://components.espressif.com
      require: private
      version: ^1.0.0
    - matches:
      - if: $CONFIG{ESP_BOARD_DEV_LCD_TOUCH_I2C_SUPPORT} == True
      - if: $CONFIG{ESP_BOARD_DEV_LCD_TOUCH_SUPPORT} == True
      name: espressif/esp_lcd_touch
      registry_url: https://components.espressif.com
      require: private
      version: '*'
    - matches:
      - if: $CONFIG{ESP_BOARD_DEV_CAMERA_SUPPORT} == True
      name: espressif/esp_video
      registry_url: https://components.espressif.com
      require: private
      version: ^2.0.0
    - matches:
      - if: $CONFIG{ESP_BOARD_DEV_LED_STRIP_SUPPORT} == True
      name: espressif/led_strip
      registry_url: https://components.espressif.com
      require: private
      version: '*'
    source:
      registry_url: https://components.espressif.com/
      type: service
    version: 0.5.11
  espressif/esp_codec_dev:
    component_hash: 9293329ccb361f67c6e847ab8f693b2d9158b2e438eff583c28558c29cdf3dca
    dependencies:
    - name: idf
      require: private
      version: '>=4.0'
    source:
      registry_url: https://components.espressif.com/
      type: service
    version: 1.5.9
  espressif/esp_hosted:
    component_hash: e23eb702781c804a62909e5394da0641a2bff9adccec6673a7bff60ce8c8b756
    dependencies:
    - name: idf
      require: private
      version: '>=5.3'
    source:
      registry_url: https://components.espressif.com/
      type: service
    version: 2.12.3
  espressif/esp_lcd_st7701:
    component_hash: 0b11e8733e51e12da83003b9d475777eaf47bfbdce01379879bd2504d14f4f83
    dependencies:
    - name: espressif/cmake_utilities
      registry_url: https://components.espressif.com
      require: private
      version: 0.*
    - name: idf
      require: private
      version: '>5.0.4,!=5.1.1'
    source:
      registry_url: https://components.espressif.com/
      type: service
    targets:
    - esp32s3
    - esp32p4
    version: 1.1.5
  espressif/esp_lcd_touch:
    component_hash: 3f85a7d95af876f1a6ecca8eb90a81614890d0f03a038390804e5a77e2caf862
    dependencies:
    - name: idf
      require: private
      version: '>=4.4.2'
    source:
      registry_url: https://components.espressif.com/
      type: service
    version: 1.2.1
  espressif/esp_lcd_touch_gt911:
    component_hash: 6029febef66eefd0910d527d7f30292779ccbf22a8dedd2bd69466acf0068a7b
    dependencies:
    - name: espressif/esp_lcd_touch
      registry_url: https://components.espressif.com
      require: public
      version: ^1.2.0
    - name: idf
      require: private
      version: '>=5.2'
    source:
      registry_url: https://components.espressif.com/
      type: service
    version: 1.2.0~2
  espressif/esp_serial_slave_link:
    component_hash: ac1776806de0a6e371c84e87898bb983e19ce62aa7f1e2e5c4a3b0234a575d2c
    dependencies:
    - name: idf
      require: private
      version: '>=5.0'
    source:
      registry_url: https://components.espressif.com
      type: service
    version: 1.1.2
  espressif/esp_websocket_client:
    component_hash: 3fb288702517ef4d75bf933a115f1056ee0c2540d964f9e1d856e0bb67e1dfeb
    dependencies:
    - name: idf
      require: private
      version: '>=5.0'
    source:
      registry_url: https://components.espressif.com/
      type: service
    version: 1.7.0
  espressif/esp_wifi_remote:
    component_hash: 4ad3e3ec9ce7d26fde1ccd2b550b88952cc96ac089a06e0247f69d005cc31e1f
    dependencies:
    - name: espressif/esp_hosted
      registry_url: https://components.espressif.com
      require: private
      rules:
      - if: target in [esp32h2, esp32p4]
      version: '>=2.11'
    - name: espressif/wifi_remote_over_eppp
      registry_url: https://components.espressif.com
      require: private
      version: '>=0.1'
    - name: idf
      require: private
      version: '>=5.3'
    source:
      registry_url: https://components.espressif.com/
      type: service
    version: 1.5.1
  espressif/i2c_bus:
    component_hash: 804ec068d163570fd367b279a310ca383484630d2310c586b50def0bcf21de13
    dependencies:
    - name: espressif/cmake_utilities
      registry_url: https://components.espressif.com
      require: private
      version: '*'
    - name: idf
      require: private
      version: '>=4.0'
    source:
      registry_url: https://components.espressif.com/
      type: service
    version: 1.5.1
  espressif/led_strip:
    component_hash: 28621486f77229aaf81c71f5e15d6fbf36c2949cf11094e07090593e659e7639
    dependencies:
    - name: idf
      require: private
      version: '>=5.0'
    source:
      registry_url: https://components.espressif.com/
      type: service
    version: 3.0.3
  espressif/libpng:
    component_hash: 30b1f2f8ddf13754b3e21d7ac134b3cc8f02957bb01d0c6deb5e9a68080d69d5
    dependencies:
    - name: idf
      require: private
      version: '>=5.0'
    - name: espressif/zlib
      registry_url: https://components.espressif.com
      require: private
      version: ^1.2.13
    source:
      registry_url: https://components.espressif.com/
      type: service
    version: 1.6.58
  espressif/mcp-c-sdk:
    component_hash: 8814a390e798712d6841569827e836850188f44edd00a4dfc0bbda178376a33c
    dependencies:
    - name: espressif/cmake_utilities
      registry_url: https://components.espressif.com
      require: private
      version: 0.*
    - name: idf
      require: private
      version: '>=5.4'
    source:
      registry_url: https://components.espressif.com/
      type: service
    version: 1.0.0
  espressif/mdns:
    component_hash: 8bcf12e37c58c1d584aef32a02b92548124c7a3a9fcf548d3235c844a035e0f0
    dependencies:
    - name: idf
      require: private
      version: '>=5.0'
    source:
      registry_url: https://components.espressif.com/
      type: service
    version: 1.11.1
  espressif/wifi_remote_over_eppp:
    component_hash: 06d8bc15348bbd21f1390daace36ed5adcf6026c93c5b69decc55fa04df2711a
    dependencies:
    - name: idf
      require: private
      version: '>=5.3'
    - name: espressif/eppp_link
      registry_url: https://components.espressif.com
      require: private
      version: '>=0.1'
    source:
      registry_url: https://components.espressif.com
      type: service
    version: 0.3.2
  espressif/zlib:
    component_hash: 64ea2fd6754c5a05951f1ddb312ac835cd782e68cb5bd9dfcd1c3a107c8fbfbc
    dependencies:
    - name: idf
      require: private
      version: '>=4.4'
    source:
      registry_url: https://components.espressif.com
      type: service
    version: 1.3.2
  georgik/lua:
    component_hash: 10698fd2d729b63cca8b882e219c3fa3bd8a9adea26f814f2febb624d0385c23
    dependencies:
    - name: idf
      require: private
      version: '>=5.0.0'
    source:
      registry_url: https://components.espressif.com/
      type: service
    version: 5.5.0~7
  http_reuse:
    dependencies: []
    source:
      path: /home/nini/esp-claw-master_1/esp-claw-master/components/common/http_reuse
      type: local
    version: '*'
  http_server:
    dependencies:
    - name: cap_im_local
      path: ../../../../components/claw_capabilities/cap_im_local
    source:
      path: /home/nini/esp-claw-master_1/esp-claw-master/application/edge_agent/components/http_server
      type: local
    version: '*'
  idf:
    source:
      type: idf
    version: 5.5.4
  lua_driver_adc:
    dependencies: []
    source:
      path: /home/nini/esp-claw-master_1/esp-claw-master/components/lua_modules/lua_driver_adc
      type: local
    version: '*'
  lua_driver_gpio:
    dependencies: []
    source:
      path: /home/nini/esp-claw-master_1/esp-claw-master/components/lua_modules/lua_driver_gpio
      type: local
    version: '*'
  lua_driver_i2c:
    dependencies:
    - name: espressif/i2c_bus
      version: ^1.5.1
    source:
      path: /home/nini/esp-claw-master_1/esp-claw-master/components/lua_modules/lua_driver_i2c
      type: local
    version: '*'
  lua_driver_mcpwm:
    dependencies: []
    source:
      path: /home/nini/esp-claw-master_1/esp-claw-master/components/lua_modules/lua_driver_mcpwm
      type: local
    version: '*'
  lua_driver_touch:
    dependencies: []
    source:
      path: /home/nini/esp-claw-master_1/esp-claw-master/components/lua_modules/lua_driver_touch
      type: local
    version: '*'
  lua_driver_uart:
    dependencies: []
    source:
      path: /home/nini/esp-claw-master_1/esp-claw-master/components/lua_modules/lua_driver_uart
      type: local
    version: '*'
  lua_module_audio:
    dependencies:
    - name: espressif/esp_codec_dev
      version: '*'
    - name: espressif/esp-dsp
      version: '*'
    source:
      path: /home/nini/esp-claw-master_1/esp-claw-master/components/lua_modules/lua_module_audio
      type: local
    version: '*'
  lua_module_board_manager:
    dependencies: []
    source:
      path: /home/nini/esp-claw-master_1/esp-claw-master/components/lua_modules/lua_module_board_manager
      type: local
    version: '*'
  lua_module_builder:
    dependencies: []
    source:
      path: /home/nini/esp-claw-master_1/esp-claw-master/components/common/lua_module_builder
      type: local
    version: '*'
  lua_module_button:
    dependencies:
    - name: espressif/button
      version: '*'
    source:
      path: /home/nini/esp-claw-master_1/esp-claw-master/components/lua_modules/lua_module_button
      type: local
    version: '*'
  lua_module_call_capability:
    dependencies: []
    source:
      path: /home/nini/esp-claw-master_1/esp-claw-master/components/lua_modules/lua_module_call_capability
      type: local
    version: '*'
  lua_module_delay:
    dependencies: []
    source:
      path: /home/nini/esp-claw-master_1/esp-claw-master/components/lua_modules/lua_module_delay
      type: local
    version: '*'
  lua_module_display:
    dependencies:
    - name: espressif/libpng
      version: ^1.6.55
    - name: esp_painter
      path: ../../common/esp_painter
    - name: display_arbiter
      path: ../../common/display_arbiter
    source:
      path: /home/nini/esp-claw-master_1/esp-claw-master/components/lua_modules/lua_module_display
      type: local
    version: '*'
  lua_module_esp_heap:
    dependencies: []
    source:
      path: /home/nini/esp-claw-master_1/esp-claw-master/components/lua_modules/lua_module_esp_heap
      type: local
    version: '*'
  lua_module_event_publisher:
    dependencies: []
    source:
      path: /home/nini/esp-claw-master_1/esp-claw-master/components/lua_modules/lua_module_event_publisher
      type: local
    version: '*'
  lua_module_led_strip:
    dependencies:
    - name: espressif/led_strip
      version: ^3.0.3
    source:
      path: /home/nini/esp-claw-master_1/esp-claw-master/components/lua_modules/lua_module_led_strip
      type: local
    version: '*'
  lua_module_ssd1306:
    dependencies:
    - name: lua_driver_i2c
      path: ../lua_driver_i2c
    source:
      path: /home/nini/esp-claw-master_1/esp-claw-master/components/lua_modules/lua_module_ssd1306
      type: local
    version: '*'
  lua_module_storage:
    dependencies: []
    source:
      path: /home/nini/esp-claw-master_1/esp-claw-master/components/lua_modules/lua_module_storage
      type: local
    version: '*'
  lua_module_system:
    dependencies: []
    source:
      path: /home/nini/esp-claw-master_1/esp-claw-master/components/lua_modules/lua_module_system
      type: local
    version: '*'
  settings:
    dependencies: []
    source:
      path: /home/nini/esp-claw-master_1/esp-claw-master/components/common/settings
      type: local
    version: '*'
  skill_builder:
    dependencies: []
    source:
      path: /home/nini/esp-claw-master_1/esp-claw-master/components/common/skill_builder
      type: local
    version: '*'
  video_player:
    dependencies:
    - name: espressif/esp_audio_codec
      public: true
    - name: espressif/esp_codec_dev
      public: true
      version: '*'
    - name: esp_extractor
      path: ../esp_extractor
    - name: display_arbiter
      path: ../../../../components/common/display_arbiter
    - name: espressif/esp_board_manager
      public: true
      version: '*'
    source:
      path: /home/nini/esp-claw-master_1/esp-claw-master/application/edge_agent/components/video_player
      type: local
    version: '*'
  voice_ws_common:
    dependencies: []
    source:
      path: /home/nini/esp-claw-master_1/esp-claw-master/components/common/voice_ws_common
      type: local
    version: '*'
  wifi_manager:
    dependencies: []
    source:
      path: /home/nini/esp-claw-master_1/esp-claw-master/components/common/wifi_manager
      type: local
    version: '*'
direct_dependencies:
- app_claw
- app_config
- cap_im_local
- captive_dns
- display_arbiter
- esp_extractor
- espressif/esp_audio_codec
- espressif/esp_board_manager
- espressif/esp_codec_dev
- espressif/esp_hosted
- espressif/esp_lcd_st7701
- espressif/esp_lcd_touch
- espressif/esp_lcd_touch_gt911
- espressif/esp_websocket_client
- espressif/esp_wifi_remote
- http_reuse
- http_server
- settings
- video_player
- wifi_manager
manifest_hash: 8c510cd7a4675ab032e8b6e429480bb054c0104b6d3aa9352362599345894a35
target: esp32p4
version: 2.0.0
